
Microsoft Visual Studio Solution File, Format Version 11.00
# Visual Studio 2010
Project("{FAE04EC0-301F-11D3-BF4B-00C04F79EFBC}") = "KeyCount", "KeyCount.csproj", "{1FF92DF0-9E49-4DD6-9049-8C021C526173}"
EndProject
Global
	GlobalSection(SolutionConfigurationPlatforms) = preSolution
		Debug|Any CPU = Debug|Any CPU
		Release|Any CPU = Release|Any CPU
	EndGlobalSection
	GlobalSection(ProjectConfigurationPlatforms) = postSolution
		{1FF92DF0-9E49-4DD6-9049-8C021C526173}.Debug|Any CPU.Build.0 = Debug|Any CPU
		{1FF92DF0-9E49-4DD6-9049-8C021C526173}.Debug|Any CPU.ActiveCfg = Debug|Any CPU
		{1FF92DF0-9E49-4DD6-9049-8C021C526173}.Release|Any CPU.Build.0 = Release|Any CPU
		{1FF92DF0-9E49-4DD6-9049-8C021C526173}.Release|Any CPU.ActiveCfg = Release|Any CPU
	EndGlobalSection
	GlobalSection(MonoDevelopProperties) = preSolution
		Policies = $0
		$0.DotNetNamingPolicy = $1
		$1.DirectoryNamespaceAssociation = PrefixedHierarchical
	EndGlobalSection
EndGlobal
